// !$*UTF8*$!
{
	archiveVersion = 1;
	classes = {
	};
	objectVersion = 46;
	objects = {

/* Begin PBXBuildFile section */
		43E66034ABE239AB5493D969 /* Pods_MyTVAddictions.framework in Frameworks */ = {isa = PBXBuildFile; fileRef = F948EA68835C490116381AB9 /* Pods_MyTVAddictions.framework */; };
		69A396991D63CC6100D6117C /* GlobalFunctions.swift in Sources */ = {isa = PBXBuildFile; fileRef = 69A396981D63CC6100D6117C /* GlobalFunctions.swift */; };
		69A3969B1D661D3600D6117C /* ShowDetailViewController.swift in Sources */ = {isa = PBXBuildFile; fileRef = 69A3969A1D661D3600D6117C /* ShowDetailViewController.swift */; };
		69A3969D1D67AC6800D6117C /* TVShowTableCell.swift in Sources */ = {isa = PBXBuildFile; fileRef = 69A3969C1D67AC6800D6117C /* TVShowTableCell.swift */; };
		69A396A31D6935CA00D6117C /* SearchViewController.swift in Sources */ = {isa = PBXBuildFile; fileRef = 69A396A21D6935CA00D6117C /* SearchViewController.swift */; };
		69A396A51D693A2C00D6117C /* TMDBHelpers.swift in Sources */ = {isa = PBXBuildFile; fileRef = 69A396A41D693A2C00D6117C /* TMDBHelpers.swift */; };
		69A396A71D69646A00D6117C /* UIColor_Hex.swift in Sources */ = {isa = PBXBuildFile; fileRef = 69A396A61D69646A00D6117C /* UIColor_Hex.swift */; };
		69A396A91D6FB2D700D6117C /* EpisodeDetailViewController.swift in Sources */ = {isa = PBXBuildFile; fileRef = 69A396A81D6FB2D600D6117C /* EpisodeDetailViewController.swift */; };
		69AA0D571D7D3CB200FEE8E1 /* CastViewCell.swift in Sources */ = {isa = PBXBuildFile; fileRef = 69AA0D561D7D3CB200FEE8E1 /* CastViewCell.swift */; };
		69AA0D591D7D4B2A00FEE8E1 /* EpisodeCastViewCell.swift in Sources */ = {isa = PBXBuildFile; fileRef = 69AA0D581D7D4B2A00FEE8E1 /* EpisodeCastViewCell.swift */; };
		69D1AAA11D791BAC008A0B83 /* MyShowsViewController.swift in Sources */ = {isa = PBXBuildFile; fileRef = 69D1AAA01D791BAC008A0B83 /* MyShowsViewController.swift */; };
		69D1AAA31D791C02008A0B83 /* MyShowViewCell.swift in Sources */ = {isa = PBXBuildFile; fileRef = 69D1AAA21D791C02008A0B83 /* MyShowViewCell.swift */; };
		69D1AAA51D79230C008A0B83 /* RealmObjects.swift in Sources */ = {isa = PBXBuildFile; fileRef = 69D1AAA41D79230C008A0B83 /* RealmObjects.swift */; };
		69D1AAA71D79DE70008A0B83 /* ListTransform.swift in Sources */ = {isa = PBXBuildFile; fileRef = 69D1AAA61D79DE70008A0B83 /* ListTransform.swift */; };
		69F661131D63A59400F132DB /* AppDelegate.swift in Sources */ = {isa = PBXBuildFile; fileRef = 69F661121D63A59400F132DB /* AppDelegate.swift */; };
		69F661151D63A59400F132DB /* PopularTVShowsViewController.swift in Sources */ = {isa = PBXBuildFile; fileRef = 69F661141D63A59400F132DB /* PopularTVShowsViewController.swift */; };
		69F661181D63A59400F132DB /* Main.storyboard in Resources */ = {isa = PBXBuildFile; fileRef = 69F661161D63A59400F132DB /* Main.storyboard */; };
		69F6611A1D63A59400F132DB /* Assets.xcassets in Resources */ = {isa = PBXBuildFile; fileRef = 69F661191D63A59400F132DB /* Assets.xcassets */; };
		69F6611D1D63A59400F132DB /* LaunchScreen.storyboard in Resources */ = {isa = PBXBuildFile; fileRef = 69F6611B1D63A59400F132DB /* LaunchScreen.storyboard */; };
		69F661281D63A59400F132DB /* MyTVAddictionsTests.swift in Sources */ = {isa = PBXBuildFile; fileRef = 69F661271D63A59400F132DB /* MyTVAddictionsTests.swift */; };
		69F661331D63A59400F132DB /* MyTVAddictionsUITests.swift in Sources */ = {isa = PBXBuildFile; fileRef = 69F661321D63A59400F132DB /* MyTVAddictionsUITests.swift */; };
		69F661451D63A93F00F132DB /* TMDBClient.swift in Sources */ = {isa = PBXBuildFile; fileRef = 69F661441D63A93F00F132DB /* TMDBClient.swift */; };
		69F661471D63A96D00F132DB /* TMDBConstants.swift in Sources */ = {isa = PBXBuildFile; fileRef = 69F661461D63A96D00F132DB /* TMDBConstants.swift */; };
		C76FE2AB5D44E27C24D2C08C /* Pods_MyTVAddictionsUITests.framework in Frameworks */ = {isa = PBXBuildFile; fileRef = EC658596FD629FC0CE694954 /* Pods_MyTVAddictionsUITests.framework */; };
		F613BC57E951045F7CED1E38 /* Pods_MyTVAddictionsTests.framework in Frameworks */ = {isa = PBXBuildFile; fileRef = 080CF76E0D8A71777B7E7E88 /* Pods_MyTVAddictionsTests.framework */; };
/* End PBXBuildFile section */

/* Begin PBXContainerItemProxy section */
		69F661241D63A59400F132DB /* PBXContainerItemProxy */ = {
			isa = PBXContainerItemProxy;
			containerPortal = 69F661071D63A59300F132DB /* Project object */;
			proxyType = 1;
			remoteGlobalIDString = 69F6610E1D63A59300F132DB;
			remoteInfo = MyTVAddictions;
		};
		69F6612F1D63A59400F132DB /* PBXContainerItemProxy */ = {
			isa = PBXContainerItemProxy;
			containerPortal = 69F661071D63A59300F132DB /* Project object */;
			proxyType = 1;
			remoteGlobalIDString = 69F6610E1D63A59300F132DB;
			remoteInfo = MyTVAddictions;
		};
/* End PBXContainerItemProxy section */

/* Begin PBXFileReference section */
		080CF76E0D8A71777B7E7E88 /* Pods_MyTVAddictionsTests.framework */ = {isa = PBXFileReference; explicitFileType = wrapper.framework; includeInIndex = 0; path = Pods_MyTVAddictionsTests.framework; sourceTree = BUILT_PRODUCTS_DIR; };
		094523960BFFBCE8B381464E /* Pods-MyTVAddictionsTests.release.xcconfig */ = {isa = PBXFileReference; includeInIndex = 1; lastKnownFileType = text.xcconfig; name = "Pods-MyTVAddictionsTests.release.xcconfig"; path = "Pods/Target Support Files/Pods-MyTVAddictionsTests/Pods-MyTVAddictionsTests.release.xcconfig"; sourceTree = "<group>"; };
		47D3CC909E72684B7384C178 /* Pods-MyTVAddictions.debug.xcconfig */ = {isa = PBXFileReference; includeInIndex = 1; lastKnownFileType = text.xcconfig; name = "Pods-MyTVAddictions.debug.xcconfig"; path = "Pods/Target Support Files/Pods-MyTVAddictions/Pods-MyTVAddictions.debug.xcconfig"; sourceTree = "<group>"; };
		5A47E59188D5012A0FE59E57 /* Pods-MyTVAddictionsUITests.release.xcconfig */ = {isa = PBXFileReference; includeInIndex = 1; lastKnownFileType = text.xcconfig; name = "Pods-MyTVAddictionsUITests.release.xcconfig"; path = "Pods/Target Support Files/Pods-MyTVAddictionsUITests/Pods-MyTVAddictionsUITests.release.xcconfig"; sourceTree = "<group>"; };
		69A396981D63CC6100D6117C /* GlobalFunctions.swift */ = {isa = PBXFileReference; fileEncoding = 4; lastKnownFileType = sourcecode.swift; path = GlobalFunctions.swift; sourceTree = "<group>"; };
		69A3969A1D661D3600D6117C /* ShowDetailViewController.swift */ = {isa = PBXFileReference; fileEncoding = 4; lastKnownFileType = sourcecode.swift; path = ShowDetailViewController.swift; sourceTree = "<group>"; };
		69A3969C1D67AC6800D6117C /* TVShowTableCell.swift */ = {isa = PBXFileReference; fileEncoding = 4; lastKnownFileType = sourcecode.swift; path = TVShowTableCell.swift; sourceTree = "<group>"; };
		69A396A21D6935CA00D6117C /* SearchViewController.swift */ = {isa = PBXFileReference; fileEncoding = 4; lastKnownFileType = sourcecode.swift; path = SearchViewController.swift; sourceTree = "<group>"; };
		69A396A41D693A2C00D6117C /* TMDBHelpers.swift */ = {isa = PBXFileReference; fileEncoding = 4; lastKnownFileType = sourcecode.swift; path = TMDBHelpers.swift; sourceTree = "<group>"; };
		69A396A61D69646A00D6117C /* UIColor_Hex.swift */ = {isa = PBXFileReference; fileEncoding = 4; lastKnownFileType = sourcecode.swift; path = UIColor_Hex.swift; sourceTree = "<group>"; };
		69A396A81D6FB2D600D6117C /* EpisodeDetailViewController.swift */ = {isa = PBXFileReference; fileEncoding = 4; lastKnownFileType = sourcecode.swift; path = EpisodeDetailViewController.swift; sourceTree = "<group>"; };
		69AA0D561D7D3CB200FEE8E1 /* CastViewCell.swift */ = {isa = PBXFileReference; fileEncoding = 4; lastKnownFileType = sourcecode.swift; path = CastViewCell.swift; sourceTree = "<group>"; };
		69AA0D581D7D4B2A00FEE8E1 /* EpisodeCastViewCell.swift */ = {isa = PBXFileReference; fileEncoding = 4; lastKnownFileType = sourcecode.swift; path = EpisodeCastViewCell.swift; sourceTree = "<group>"; };
		69D1AAA01D791BAC008A0B83 /* MyShowsViewController.swift */ = {isa = PBXFileReference; fileEncoding = 4; lastKnownFileType = sourcecode.swift; path = MyShowsViewController.swift; sourceTree = "<group>"; };
		69D1AAA21D791C02008A0B83 /* MyShowViewCell.swift */ = {isa = PBXFileReference; fileEncoding = 4; lastKnownFileType = sourcecode.swift; path = MyShowViewCell.swift; sourceTree = "<group>"; };
		69D1AAA41D79230C008A0B83 /* RealmObjects.swift */ = {isa = PBXFileReference; fileEncoding = 4; lastKnownFileType = sourcecode.swift; path = RealmObjects.swift; sourceTree = "<group>"; };
		69D1AAA61D79DE70008A0B83 /* ListTransform.swift */ = {isa = PBXFileReference; fileEncoding = 4; lastKnownFileType = sourcecode.swift; path = ListTransform.swift; sourceTree = "<group>"; };
		69F6610F1D63A59300F132DB /* MyTVAddictions.app */ = {isa = PBXFileReference; explicitFileType = wrapper.application; includeInIndex = 0; path = MyTVAddictions.app; sourceTree = BUILT_PRODUCTS_DIR; };
		69F661121D63A59400F132DB /* AppDelegate.swift */ = {isa = PBXFileReference; lastKnownFileType = sourcecode.swift; path = AppDelegate.swift; sourceTree = "<group>"; };
		69F661141D63A59400F132DB /* PopularTVShowsViewController.swift */ = {isa = PBXFileReference; lastKnownFileType = sourcecode.swift; path = PopularTVShowsViewController.swift; sourceTree = "<group>"; };
		69F661171D63A59400F132DB /* Base */ = {isa = PBXFileReference; lastKnownFileType = file.storyboard; name = Base; path = Base.lproj/Main.storyboard; sourceTree = "<group>"; };
		69F661191D63A59400F132DB /* Assets.xcassets */ = {isa = PBXFileReference; lastKnownFileType = folder.assetcatalog; path = Assets.xcassets; sourceTree = "<group>"; };
		69F6611C1D63A59400F132DB /* Base */ = {isa = PBXFileReference; lastKnownFileType = file.storyboard; name = Base; path = Base.lproj/LaunchScreen.storyboard; sourceTree = "<group>"; };
		69F6611E1D63A59400F132DB /* Info.plist */ = {isa = PBXFileReference; lastKnownFileType = text.plist.xml; path = Info.plist; sourceTree = "<group>"; };
		69F661231D63A59400F132DB /* MyTVAddictionsTests.xctest */ = {isa = PBXFileReference; explicitFileType = wrapper.cfbundle; includeInIndex = 0; path = MyTVAddictionsTests.xctest; sourceTree = BUILT_PRODUCTS_DIR; };
		69F661271D63A59400F132DB /* MyTVAddictionsTests.swift */ = {isa = PBXFileReference; lastKnownFileType = sourcecode.swift; path = MyTVAddictionsTests.swift; sourceTree = "<group>"; };
		69F661291D63A59400F132DB /* Info.plist */ = {isa = PBXFileReference; lastKnownFileType = text.plist.xml; path = Info.plist; sourceTree = "<group>"; };
		69F6612E1D63A59400F132DB /* MyTVAddictionsUITests.xctest */ = {isa = PBXFileReference; explicitFileType = wrapper.cfbundle; includeInIndex = 0; path = MyTVAddictionsUITests.xctest; sourceTree = BUILT_PRODUCTS_DIR; };
		69F661321D63A59400F132DB /* MyTVAddictionsUITests.swift */ = {isa = PBXFileReference; lastKnownFileType = sourcecode.swift; path = MyTVAddictionsUITests.swift; sourceTree = "<group>"; };
		69F661341D63A59400F132DB /* Info.plist */ = {isa = PBXFileReference; lastKnownFileType = text.plist.xml; path = Info.plist; sourceTree = "<group>"; };
		69F661441D63A93F00F132DB /* TMDBClient.swift */ = {isa = PBXFileReference; fileEncoding = 4; lastKnownFileType = sourcecode.swift; path = TMDBClient.swift; sourceTree = "<group>"; };
		69F661461D63A96D00F132DB /* TMDBConstants.swift */ = {isa = PBXFileReference; fileEncoding = 4; lastKnownFileType = sourcecode.swift; path = TMDBConstants.swift; sourceTree = "<group>"; };
		8AFB5895F4E83677924C14EE /* Pods-MyTVAddictionsTests.debug.xcconfig */ = {isa = PBXFileReference; includeInIndex = 1; lastKnownFileType = text.xcconfig; name = "Pods-MyTVAddictionsTests.debug.xcconfig"; path = "Pods/Target Support Files/Pods-MyTVAddictionsTests/Pods-MyTVAddictionsTests.debug.xcconfig"; sourceTree = "<group>"; };
		943E6D4C11AF17D4D04EEF7B /* Pods-MyTVAddictions.release.xcconfig */ = {isa = PBXFileReference; includeInIndex = 1; lastKnownFileType = text.xcconfig; name = "Pods-MyTVAddictions.release.xcconfig"; path = "Pods/Target Support Files/Pods-MyTVAddictions/Pods-MyTVAddictions.release.xcconfig"; sourceTree = "<group>"; };
		C4BE98600E9C509186F6FC70 /* Pods-MyTVAddictionsUITests.debug.xcconfig */ = {isa = PBXFileReference; includeInIndex = 1; lastKnownFileType = text.xcconfig; name = "Pods-MyTVAddictionsUITests.debug.xcconfig"; path = "Pods/Target Support Files/Pods-MyTVAddictionsUITests/Pods-MyTVAddictionsUITests.debug.xcconfig"; sourceTree = "<group>"; };
		EC658596FD629FC0CE694954 /* Pods_MyTVAddictionsUITests.framework */ = {isa = PBXFileReference; explicitFileType = wrapper.framework; includeInIndex = 0; path = Pods_MyTVAddictionsUITests.framework; sourceTree = BUILT_PRODUCTS_DIR; };
		F948EA68835C490116381AB9 /* Pods_MyTVAddictions.framework */ = {isa = PBXFileReference; explicitFileType = wrapper.framework; includeInIndex = 0; path = Pods_MyTVAddictions.framework; sourceTree = BUILT_PRODUCTS_DIR; };
/* End PBXFileReference section */

/* Begin PBXFrameworksBuildPhase section */
		69F6610C1D63A59300F132DB /* Frameworks */ = {
			isa = PBXFrameworksBuildPhase;
			buildActionMask = 2147483647;
			files = (
				43E66034ABE239AB5493D969 /* Pods_MyTVAddictions.framework in Frameworks */,
			);
			runOnlyForDeploymentPostprocessing = 0;
		};
		69F661201D63A59400F132DB /* Frameworks */ = {
			isa = PBXFrameworksBuildPhase;
			buildActionMask = 2147483647;
			files = (
				F613BC57E951045F7CED1E38 /* Pods_MyTVAddictionsTests.framework in Frameworks */,
			);
			runOnlyForDeploymentPostprocessing = 0;
		};
		69F6612B1D63A59400F132DB /* Frameworks */ = {
			isa = PBXFrameworksBuildPhase;
			buildActionMask = 2147483647;
			files = (
				C76FE2AB5D44E27C24D2C08C /* Pods_MyTVAddictionsUITests.framework in Frameworks */,
			);
			runOnlyForDeploymentPostprocessing = 0;
		};
/* End PBXFrameworksBuildPhase section */

/* Begin PBXGroup section */
		69A396951D63CAF600D6117C /* Objects */ = {
			isa = PBXGroup;
			children = (
				69D1AAA41D79230C008A0B83 /* RealmObjects.swift */,
			);
			name = Objects;
			sourceTree = "<group>";
		};
		69F661061D63A59300F132DB = {
			isa = PBXGroup;
			children = (
				69F661111D63A59300F132DB /* MyTVAddictions */,
				69F661261D63A59400F132DB /* MyTVAddictionsTests */,
				69F661311D63A59400F132DB /* MyTVAddictionsUITests */,
				69F661101D63A59300F132DB /* Products */,
				92249A847D2FFFB89677762F /* Pods */,
				C7C44CB4B4EB866543383D9A /* Frameworks */,
			);
			sourceTree = "<group>";
		};
		69F661101D63A59300F132DB /* Products */ = {
			isa = PBXGroup;
			children = (
				69F6610F1D63A59300F132DB /* MyTVAddictions.app */,
				69F661231D63A59400F132DB /* MyTVAddictionsTests.xctest */,
				69F6612E1D63A59400F132DB /* MyTVAddictionsUITests.xctest */,
			);
			name = Products;
			sourceTree = "<group>";
		};
		69F661111D63A59300F132DB /* MyTVAddictions */ = {
			isa = PBXGroup;
			children = (
				69F661431D63A92800F132DB /* Model */,
				69F661401D63A90A00F132DB /* Supporting Files */,
				69F661411D63A91500F132DB /* Controller */,
				69F661421D63A92100F132DB /* View */,
			);
			path = MyTVAddictions;
			sourceTree = "<group>";
		};
		69F661261D63A59400F132DB /* MyTVAddictionsTests */ = {
			isa = PBXGroup;
			children = (
				69F661271D63A59400F132DB /* MyTVAddictionsTests.swift */,
				69F661291D63A59400F132DB /* Info.plist */,
			);
			path = MyTVAddictionsTests;
			sourceTree = "<group>";
		};
		69F661311D63A59400F132DB /* MyTVAddictionsUITests */ = {
			isa = PBXGroup;
			children = (
				69F661321D63A59400F132DB /* MyTVAddictionsUITests.swift */,
				69F661341D63A59400F132DB /* Info.plist */,
			);
			path = MyTVAddictionsUITests;
			sourceTree = "<group>";
		};
		69F661401D63A90A00F132DB /* Supporting Files */ = {
			isa = PBXGroup;
			children = (
				69F661121D63A59400F132DB /* AppDelegate.swift */,
				69F661191D63A59400F132DB /* Assets.xcassets */,
				69F6611E1D63A59400F132DB /* Info.plist */,
				69A396A61D69646A00D6117C /* UIColor_Hex.swift */,
				69D1AAA61D79DE70008A0B83 /* ListTransform.swift */,
			);
			name = "Supporting Files";
			sourceTree = "<group>";
		};
		69F661411D63A91500F132DB /* Controller */ = {
			isa = PBXGroup;
			children = (
				69F661141D63A59400F132DB /* PopularTVShowsViewController.swift */,
				69A3969A1D661D3600D6117C /* ShowDetailViewController.swift */,
				69A3969C1D67AC6800D6117C /* TVShowTableCell.swift */,
				69A396A21D6935CA00D6117C /* SearchViewController.swift */,
				69A396A81D6FB2D600D6117C /* EpisodeDetailViewController.swift */,
				69D1AAA01D791BAC008A0B83 /* MyShowsViewController.swift */,
				69D1AAA21D791C02008A0B83 /* MyShowViewCell.swift */,
				69AA0D561D7D3CB200FEE8E1 /* CastViewCell.swift */,
				69AA0D581D7D4B2A00FEE8E1 /* EpisodeCastViewCell.swift */,
			);
			name = Controller;
			sourceTree = "<group>";
		};
		69F661421D63A92100F132DB /* View */ = {
			isa = PBXGroup;
			children = (
				69F661161D63A59400F132DB /* Main.storyboard */,
				69F6611B1D63A59400F132DB /* LaunchScreen.storyboard */,
			);
			name = View;
			sourceTree = "<group>";
		};
		69F661431D63A92800F132DB /* Model */ = {
			isa = PBXGroup;
			children = (
				69A396981D63CC6100D6117C /* GlobalFunctions.swift */,
				69F661441D63A93F00F132DB /* TMDBClient.swift */,
				69F661461D63A96D00F132DB /* TMDBConstants.swift */,
				69A396A41D693A2C00D6117C /* TMDBHelpers.swift */,
				69A396951D63CAF600D6117C /* Objects */,
			);
			name = Model;
			sourceTree = "<group>";
		};
		92249A847D2FFFB89677762F /* Pods */ = {
			isa = PBXGroup;
			children = (
				47D3CC909E72684B7384C178 /* Pods-MyTVAddictions.debug.xcconfig */,
				943E6D4C11AF17D4D04EEF7B /* Pods-MyTVAddictions.release.xcconfig */,
				8AFB5895F4E83677924C14EE /* Pods-MyTVAddictionsTests.debug.xcconfig */,
				094523960BFFBCE8B381464E /* Pods-MyTVAddictionsTests.release.xcconfig */,
				C4BE98600E9C509186F6FC70 /* Pods-MyTVAddictionsUITests.debug.xcconfig */,
				5A47E59188D5012A0FE59E57 /* Pods-MyTVAddictionsUITests.release.xcconfig */,
			);
			name = Pods;
			sourceTree = "<group>";
		};
		C7C44CB4B4EB866543383D9A /* Frameworks */ = {
			isa = PBXGroup;
			children = (
				F948EA68835C490116381AB9 /* Pods_MyTVAddictions.framework */,
				080CF76E0D8A71777B7E7E88 /* Pods_MyTVAddictionsTests.framework */,
				EC658596FD629FC0CE694954 /* Pods_MyTVAddictionsUITests.framework */,
			);
			name = Frameworks;
			sourceTree = "<group>";
		};
/* End PBXGroup section */

/* Begin PBXNativeTarget section */
		69F6610E1D63A59300F132DB /* MyTVAddictions */ = {
			isa = PBXNativeTarget;
			buildConfigurationList = 69F661371D63A59400F132DB /* Build configuration list for PBXNativeTarget "MyTVAddictions" */;
			buildPhases = (
				5B7BD0E9E5698CA66826B625 /* [CP] Check Pods Manifest.lock */,
				69F6610B1D63A59300F132DB /* Sources */,
				69F6610C1D63A59300F132DB /* Frameworks */,
				69F6610D1D63A59300F132DB /* Resources */,
				1212EDEB86D4C0C1AA32B6EA /* [CP] Embed Pods Frameworks */,
				932A6F1309289FE814C6E1F7 /* [CP] Copy Pods Resources */,
			);
			buildRules = (
			);
			dependencies = (
			);
			name = MyTVAddictions;
			productName = MyTVAddictions;
			productReference = 69F6610F1D63A59300F132DB /* MyTVAddictions.app */;
			productType = "com.apple.product-type.application";
		};
		69F661221D63A59400F132DB /* MyTVAddictionsTests */ = {
			isa = PBXNativeTarget;
			buildConfigurationList = 69F6613A1D63A59400F132DB /* Build configuration list for PBXNativeTarget "MyTVAddictionsTests" */;
			buildPhases = (
				517BE40A49050CC56F12DE72 /* [CP] Check Pods Manifest.lock */,
				69F6611F1D63A59400F132DB /* Sources */,
				69F661201D63A59400F132DB /* Frameworks */,
				69F661211D63A59400F132DB /* Resources */,
				00122446880B39386B2531CA /* [CP] Embed Pods Frameworks */,
				4C5EB010C7789391498B37A2 /* [CP] Copy Pods Resources */,
			);
			buildRules = (
			);
			dependencies = (
				69F661251D63A59400F132DB /* PBXTargetDependency */,
			);
			name = MyTVAddictionsTests;
			productName = MyTVAddictionsTests;
			productReference = 69F661231D63A59400F132DB /* MyTVAddictionsTests.xctest */;
			productType = "com.apple.product-type.bundle.unit-test";
		};
		69F6612D1D63A59400F132DB /* MyTVAddictionsUITests */ = {
			isa = PBXNativeTarget;
			buildConfigurationList = 69F6613D1D63A59400F132DB /* Build configuration list for PBXNativeTarget "MyTVAddictionsUITests" */;
			buildPhases = (
				6944483C94A80ABD1B09EFF7 /* [CP] Check Pods Manifest.lock */,
				69F6612A1D63A59400F132DB /* Sources */,
				69F6612B1D63A59400F132DB /* Frameworks */,
				69F6612C1D63A59400F132DB /* Resources */,
				058E729FB04CE8B298F25C0B /* [CP] Copy Pods Resources */,
			);
			buildRules = (
			);
			dependencies = (
				69F661301D63A59400F132DB /* PBXTargetDependency */,
			);
			name = MyTVAddictionsUITests;
			productName = MyTVAddictionsUITests;
			productReference = 69F6612E1D63A59400F132DB /* MyTVAddictionsUITests.xctest */;
			productType = "com.apple.product-type.bundle.ui-testing";
		};
/* End PBXNativeTarget section */

/* Begin PBXProject section */
		69F661071D63A59300F132DB /* Project object */ = {
			isa = PBXProject;
			attributes = {
				LastSwiftUpdateCheck = 0730;
				LastUpgradeCheck = 0730;
				ORGANIZATIONNAME = "Damonique Thomas";
				TargetAttributes = {
					69F6610E1D63A59300F132DB = {
						CreatedOnToolsVersion = 7.3.1;
					};
					69F661221D63A59400F132DB = {
						CreatedOnToolsVersion = 7.3.1;
						TestTargetID = 69F6610E1D63A59300F132DB;
					};
					69F6612D1D63A59400F132DB = {
						CreatedOnToolsVersion = 7.3.1;
						TestTargetID = 69F6610E1D63A59300F132DB;
					};
				};
			};
			buildConfigurationList = 69F6610A1D63A59300F132DB /* Build configuration list for PBXProject "MyTVAddictions" */;
			compatibilityVersion = "Xcode 3.2";
			developmentRegion = English;
			hasScannedForEncodings = 0;
			knownRegions = (
				en,
				Base,
			);
			mainGroup = 69F661061D63A59300F132DB;
			productRefGroup = 69F661101D63A59300F132DB /* Products */;
			projectDirPath = "";
			projectRoot = "";
			targets = (
				69F6610E1D63A59300F132DB /* MyTVAddictions */,
				69F661221D63A59400F132DB /* MyTVAddictionsTests */,
				69F6612D1D63A59400F132DB /* MyTVAddictionsUITests */,
			);
		};
/* End PBXProject section */

/* Begin PBXResourcesBuildPhase section */
		69F6610D1D63A59300F132DB /* Resources */ = {
			isa = PBXResourcesBuildPhase;
			buildActionMask = 2147483647;
			files = (
				69F6611D1D63A59400F132DB /* LaunchScreen.storyboard in Resources */,
				69F6611A1D63A59400F132DB /* Assets.xcassets in Resources */,
				69F661181D63A59400F132DB /* Main.storyboard in Resources */,
			);
			runOnlyForDeploymentPostprocessing = 0;
		};
		69F661211D63A59400F132DB /* Resources */ = {
			isa = PBXResourcesBuildPhase;
			buildActionMask = 2147483647;
			files = (
			);
			runOnlyForDeploymentPostprocessing = 0;
		};
		69F6612C1D63A59400F132DB /* Resources */ = {
			isa = PBXResourcesBuildPhase;
			buildActionMask = 2147483647;
			files = (
			);
			runOnlyForDeploymentPostprocessing = 0;
		};
/* End PBXResourcesBuildPhase section */

/* Begin PBXShellScriptBuildPhase section */
		00122446880B39386B2531CA /* [CP] Embed Pods Frameworks */ = {
			isa = PBXShellScriptBuildPhase;
			buildActionMask = 2147483647;
			files = (
			);
			inputPaths = (
			);
			name = "[CP] Embed Pods Frameworks";
			outputPaths = (
			);
			runOnlyForDeploymentPostprocessing = 0;
			shellPath = /bin/sh;
			shellScript = "\"${SRCROOT}/Pods/Target Support Files/Pods-MyTVAddictionsTests/Pods-MyTVAddictionsTests-frameworks.sh\"\n";
			showEnvVarsInLog = 0;
		};
		058E729FB04CE8B298F25C0B /* [CP] Copy Pods Resources */ = {
			isa = PBXShellScriptBuildPhase;
			buildActionMask = 2147483647;
			files = (
			);
			inputPaths = (
			);
			name = "[CP] Copy Pods Resources";
			outputPaths = (
			);
			runOnlyForDeploymentPostprocessing = 0;
			shellPath = /bin/sh;
			shellScript = "\"${SRCROOT}/Pods/Target Support Files/Pods-MyTVAddictionsUITests/Pods-MyTVAddictionsUITests-resources.sh\"\n";
			showEnvVarsInLog = 0;
		};
		1212EDEB86D4C0C1AA32B6EA /* [CP] Embed Pods Frameworks */ = {
			isa = PBXShellScriptBuildPhase;
			buildActionMask = 2147483647;
			files = (
			);
			inputPaths = (
			);
			name = "[CP] Embed Pods Frameworks";
			outputPaths = (
			);
			runOnlyForDeploymentPostprocessing = 0;
			shellPath = /bin/sh;
			shellScript = "\"${SRCROOT}/Pods/Target Support Files/Pods-MyTVAddictions/Pods-MyTVAddictions-frameworks.sh\"\n";
			showEnvVarsInLog = 0;
		};
		4C5EB010C7789391498B37A2 /* [CP] Copy Pods Resources */ = {
			isa = PBXShellScriptBuildPhase;
			buildActionMask = 2147483647;
			files = (
			);
			inputPaths = (
			);
			name = "[CP] Copy Pods Resources";
			outputPaths = (
			);
			runOnlyForDeploymentPostprocessing = 0;
			shellPath = /bin/sh;
			shellScript = "\"${SRCROOT}/Pods/Target Support Files/Pods-MyTVAddictionsTests/Pods-MyTVAddictionsTests-resources.sh\"\n";
			showEnvVarsInLog = 0;
		};
		517BE40A49050CC56F12DE72 /* [CP] Check Pods Manifest.lock */ = {
			isa = PBXShellScriptBuildPhase;
			buildActionMask = 2147483647;
			files = (
			);
			inputPaths = (
			);
			name = "[CP] Check Pods Manifest.lock";
			outputPaths = (
			);
			runOnlyForDeploymentPostprocessing = 0;
			shellPath = /bin/sh;
			shellScript = "diff \"${PODS_ROOT}/../Podfile.lock\" \"${PODS_ROOT}/Manifest.lock\" > /dev/null\nif [[ $? != 0 ]] ; then\n    cat << EOM\nerror: The sandbox is not in sync with the Podfile.lock. Run 'pod install' or update your CocoaPods installation.\nEOM\n    exit 1\nfi\n";
			showEnvVarsInLog = 0;
		};
		5B7BD0E9E5698CA66826B625 /* [CP] Check Pods Manifest.lock */ = {
			isa = PBXShellScriptBuildPhase;
			buildActionMask = 2147483647;
			files = (
			);
			inputPaths = (
			);
			name = "[CP] Check Pods Manifest.lock";
			outputPaths = (
			);
			runOnlyForDeploymentPostprocessing = 0;
			shellPath = /bin/sh;
			shellScript = "diff \"${PODS_ROOT}/../Podfile.lock\" \"${PODS_ROOT}/Manifest.lock\" > /dev/null\nif [[ $? != 0 ]] ; then\n    cat << EOM\nerror: The sandbox is not in sync with the Podfile.lock. Run 'pod install' or update your CocoaPods installation.\nEOM\n    exit 1\nfi\n";
			showEnvVarsInLog = 0;
		};
		6944483C94A80ABD1B09EFF7 /* [CP] Check Pods Manifest.lock */ = {
			isa = PBXShellScriptBuildPhase;
			buildActionMask = 2147483647;
			files = (
			);
			inputPaths = (
			);
			name = "[CP] Check Pods Manifest.lock";
			outputPaths = (
			);
			runOnlyForDeploymentPostprocessing = 0;
			shellPath = /bin/sh;
			shellScript = "diff \"${PODS_ROOT}/../Podfile.lock\" \"${PODS_ROOT}/Manifest.lock\" > /dev/null\nif [[ $? != 0 ]] ; then\n    cat << EOM\nerror: The sandbox is not in sync with the Podfile.lock. Run 'pod install' or update your CocoaPods installation.\nEOM\n    exit 1\nfi\n";
			showEnvVarsInLog = 0;
		};
		932A6F1309289FE814C6E1F7 /* [CP] Copy Pods Resources */ = {
			isa = PBXShellScriptBuildPhase;
			buildActionMask = 2147483647;
			files = (
			);
			inputPaths = (
			);
			name = "[CP] Copy Pods Resources";
			outputPaths = (
			);
			runOnlyForDeploymentPostprocessing = 0;
			shellPath = /bin/sh;
			shellScript = "\"${SRCROOT}/Pods/Target Support Files/Pods-MyTVAddictions/Pods-MyTVAddictions-resources.sh\"\n";
			showEnvVarsInLog = 0;
		};
/* End PBXShellScriptBuildPhase section */

/* Begin PBXSourcesBuildPhase section */
		69F6610B1D63A59300F132DB /* Sources */ = {
			isa = PBXSourcesBuildPhase;
			buildActionMask = 2147483647;
			files = (
				69A396991D63CC6100D6117C /* GlobalFunctions.swift in Sources */,
				69D1AAA31D791C02008A0B83 /* MyShowViewCell.swift in Sources */,
				69A396A71D69646A00D6117C /* UIColor_Hex.swift in Sources */,
				69D1AAA51D79230C008A0B83 /* RealmObjects.swift in Sources */,
				69F661451D63A93F00F132DB /* TMDBClient.swift in Sources */,
				69F661151D63A59400F132DB /* PopularTVShowsViewController.swift in Sources */,
				69F661471D63A96D00F132DB /* TMDBConstants.swift in Sources */,
				69D1AAA11D791BAC008A0B83 /* MyShowsViewController.swift in Sources */,
				69AA0D571D7D3CB200FEE8E1 /* CastViewCell.swift in Sources */,
				69A3969B1D661D3600D6117C /* ShowDetailViewController.swift in Sources */,
				69A396A31D6935CA00D6117C /* SearchViewController.swift in Sources */,
				69D1AAA71D79DE70008A0B83 /* ListTransform.swift in Sources */,
				69A396A51D693A2C00D6117C /* TMDBHelpers.swift in Sources */,
				69AA0D591D7D4B2A00FEE8E1 /* EpisodeCastViewCell.swift in Sources */,
				69A396A91D6FB2D700D6117C /* EpisodeDetailViewController.swift in Sources */,
				69F661131D63A59400F132DB /* AppDelegate.swift in Sources */,
				69A3969D1D67AC6800D6117C /* TVShowTableCell.swift in Sources */,
			);
			runOnlyForDeploymentPostprocessing = 0;
		};
		69F6611F1D63A59400F132DB /* Sources */ = {
			isa = PBXSourcesBuildPhase;
			buildActionMask = 2147483647;
			files = (
				69F661281D63A59400F132DB /* MyTVAddictionsTests.swift in Sources */,
			);
			runOnlyForDeploymentPostprocessing = 0;
		};
		69F6612A1D63A59400F132DB /* Sources */ = {
			isa = PBXSourcesBuildPhase;
			buildActionMask = 2147483647;
			files = (
				69F661331D63A59400F132DB /* MyTVAddictionsUITests.swift in Sources */,
			);
			runOnlyForDeploymentPostprocessing = 0;
		};
/* End PBXSourcesBuildPhase section */

/* Begin PBXTargetDependency section */
		69F661251D63A59400F132DB /* PBXTargetDependency */ = {
			isa = PBXTargetDependency;
			target = 69F6610E1D63A59300F132DB /* MyTVAddictions */;
			targetProxy = 69F661241D63A59400F132DB /* PBXContainerItemProxy */;
		};
		69F661301D63A59400F132DB /* PBXTargetDependency */ = {
			isa = PBXTargetDependency;
			target = 69F6610E1D63A59300F132DB /* MyTVAddictions */;
			targetProxy = 69F6612F1D63A59400F132DB /* PBXContainerItemProxy */;
		};
/* End PBXTargetDependency section */

/* Begin PBXVariantGroup section */
		69F661161D63A59400F132DB /* Main.storyboard */ = {
			isa = PBXVariantGroup;
			children = (
				69F661171D63A59400F132DB /* Base */,
			);
			name = Main.storyboard;
			sourceTree = "<group>";
		};
		69F6611B1D63A59400F132DB /* LaunchScreen.storyboard */ = {
			isa = PBXVariantGroup;
			children = (
				69F6611C1D63A59400F132DB /* Base */,
			);
			name = LaunchScreen.storyboard;
			sourceTree = "<group>";
		};
/* End PBXVariantGroup section */

/* Begin XCBuildConfiguration section */
		69F661351D63A59400F132DB /* Debug */ = {
			isa = XCBuildConfiguration;
			buildSettings = {
				ALWAYS_SEARCH_USER_PATHS = NO;
				CLANG_ANALYZER_NONNULL = YES;
				CLANG_CXX_LANGUAGE_STANDARD = "gnu++0x";
				CLANG_CXX_LIBRARY = "libc++";
				CLANG_ENABLE_MODULES = YES;
				CLANG_ENABLE_OBJC_ARC = YES;
				CLANG_WARN_BOOL_CONVERSION = YES;
				CLANG_WARN_CONSTANT_CONVERSION = YES;
				CLANG_WARN_DIRECT_OBJC_ISA_USAGE = YES_ERROR;
				CLANG_WARN_EMPTY_BODY = YES;
				CLANG_WARN_ENUM_CONVERSION = YES;
				CLANG_WARN_INT_CONVERSION = YES;
				CLANG_WARN_OBJC_ROOT_CLASS = YES_ERROR;
				CLANG_WARN_UNREACHABLE_CODE = YES;
				CLANG_WARN__DUPLICATE_METHOD_MATCH = YES;
				"CODE_SIGN_IDENTITY[sdk=iphoneos*]" = "iPhone Developer";
				COPY_PHASE_STRIP = NO;
				DEBUG_INFORMATION_FORMAT = dwarf;
				ENABLE_STRICT_OBJC_MSGSEND = YES;
				ENABLE_TESTABILITY = YES;
				GCC_C_LANGUAGE_STANDARD = gnu99;
				GCC_DYNAMIC_NO_PIC = NO;
				GCC_NO_COMMON_BLOCKS = YES;
				GCC_OPTIMIZATION_LEVEL = 0;
				GCC_PREPROCESSOR_DEFINITIONS = (
					"DEBUG=1",
					"$(inherited)",
				);
				GCC_WARN_64_TO_32_BIT_CONVERSION = YES;
				GCC_WARN_ABOUT_RETURN_TYPE = YES_ERROR;
				GCC_WARN_UNDECLARED_SELECTOR = YES;
				GCC_WARN_UNINITIALIZED_AUTOS = YES_AGGRESSIVE;
				GCC_WARN_UNUSED_FUNCTION = YES;
				GCC_WARN_UNUSED_VARIABLE = YES;
				IPHONEOS_DEPLOYMENT_TARGET = 9.3;
				MTL_ENABLE_DEBUG_INFO = YES;
				ONLY_ACTIVE_ARCH = YES;
				SDKROOT = iphoneos;
				SWIFT_OPTIMIZATION_LEVEL = "-Onone";
				TARGETED_DEVICE_FAMILY = "1,2";
			};
			name = Debug;
		};
		69F661361D63A59400F132DB /* Release */ = {
			isa = XCBuildConfiguration;
			buildSettings = {
				ALWAYS_SEARCH_USER_PATHS = NO;
				CLANG_ANALYZER_NONNULL = YES;
				CLANG_CXX_LANGUAGE_STANDARD = "gnu++0x";
				CLANG_CXX_LIBRARY = "libc++";
				CLANG_ENABLE_MODULES = YES;
				CLANG_ENABLE_OBJC_ARC = YES;
				CLANG_WARN_BOOL_CONVERSION = YES;
				CLANG_WARN_CONSTANT_CONVERSION = YES;
				CLANG_WARN_DIRECT_OBJC_ISA_USAGE = YES_ERROR;
				CLANG_WARN_EMPTY_BODY = YES;
				CLANG_WARN_ENUM_CONVERSION = YES;
				CLANG_WARN_INT_CONVERSION = YES;
				CLANG_WARN_OBJC_ROOT_CLASS = YES_ERROR;
				CLANG_WARN_UNREACHABLE_CODE = YES;
				CLANG_WARN__DUPLICATE_METHOD_MATCH = YES;
				"CODE_SIGN_IDENTITY[sdk=iphoneos*]" = "iPhone Developer";
				COPY_PHASE_STRIP = NO;
				DEBUG_INFORMATION_FORMAT = "dwarf-with-dsym";
				ENABLE_NS_ASSERTIONS = NO;
				ENABLE_STRICT_OBJC_MSGSEND = YES;
				GCC_C_LANGUAGE_STANDARD = gnu99;
				GCC_NO_COMMON_BLOCKS = YES;
				GCC_WARN_64_TO_32_BIT_CONVERSION = YES;
				GCC_WARN_ABOUT_RETURN_TYPE = YES_ERROR;
				GCC_WARN_UNDECLARED_SELECTOR = YES;
				GCC_WARN_UNINITIALIZED_AUTOS = YES_AGGRESSIVE;
				GCC_WARN_UNUSED_FUNCTION = YES;
				GCC_WARN_UNUSED_VARIABLE = YES;
				IPHONEOS_DEPLOYMENT_TARGET = 9.3;
				MTL_ENABLE_DEBUG_INFO = NO;
				SDKROOT = iphoneos;
				TARGETED_DEVICE_FAMILY = "1,2";
				VALIDATE_PRODUCT = YES;
			};
			name = Release;
		};
		69F661381D63A59400F132DB /* Debug */ = {
			isa = XCBuildConfiguration;
			baseConfigurationReference = 47D3CC909E72684B7384C178 /* Pods-MyTVAddictions.debug.xcconfig */;
			buildSettings = {
				ASSETCATALOG_COMPILER_APPICON_NAME = AppIcon;
				INFOPLIST_FILE = MyTVAddictions/Info.plist;
				LD_RUNPATH_SEARCH_PATHS = "$(inherited) @executable_path/Frameworks";
				PRODUCT_BUNDLE_IDENTIFIER = damoniquethomas.MyTVAddictions;
				PRODUCT_NAME = "$(TARGET_NAME)";
			};
			name = Debug;
		};
		69F661391D63A59400F132DB /* Release */ = {
			isa = XCBuildConfiguration;
			baseConfigurationReference = 943E6D4C11AF17D4D04EEF7B /* Pods-MyTVAddictions.release.xcconfig */;
			buildSettings = {
				ASSETCATALOG_COMPILER_APPICON_NAME = AppIcon;
				INFOPLIST_FILE = MyTVAddictions/Info.plist;
				LD_RUNPATH_SEARCH_PATHS = "$(inherited) @executable_path/Frameworks";
				PRODUCT_BUNDLE_IDENTIFIER = damoniquethomas.MyTVAddictions;
				PRODUCT_NAME = "$(TARGET_NAME)";
			};
			name = Release;
		};
		69F6613B1D63A59400F132DB /* Debug */ = {
			isa = XCBuildConfiguration;
			baseConfigurationReference = 8AFB5895F4E83677924C14EE /* Pods-MyTVAddictionsTests.debug.xcconfig */;
			buildSettings = {
				BUNDLE_LOADER = "$(TEST_HOST)";
				INFOPLIST_FILE = MyTVAddictionsTests/Info.plist;
				LD_RUNPATH_SEARCH_PATHS = "$(inherited) @executable_path/Frameworks @loader_path/Frameworks";
				PRODUCT_BUNDLE_IDENTIFIER = damoniquethomas.MyTVAddictionsTests;
				PRODUCT_NAME = "$(TARGET_NAME)";
				TEST_HOST = "$(BUILT_PRODUCTS_DIR)/MyTVAddictions.app/MyTVAddictions";
			};
			name = Debug;
		};
		69F6613C1D63A59400F132DB /* Release */ = {
			isa = XCBuildConfiguration;
			baseConfigurationReference = 094523960BFFBCE8B381464E /* Pods-MyTVAddictionsTests.release.xcconfig */;
			buildSettings = {
				BUNDLE_LOADER = "$(TEST_HOST)";
				INFOPLIST_FILE = MyTVAddictionsTests/Info.plist;
				LD_RUNPATH_SEARCH_PATHS = "$(inherited) @executable_path/Frameworks @loader_path/Frameworks";
				PRODUCT_BUNDLE_IDENTIFIER = damoniquethomas.MyTVAddictionsTests;
				PRODUCT_NAME = "$(TARGET_NAME)";
				TEST_HOST = "$(BUILT_PRODUCTS_DIR)/MyTVAddictions.app/MyTVAddictions";
			};
			name = Release;
		};
		69F6613E1D63A59400F132DB /* Debug */ = {
			isa = XCBuildConfiguration;
			baseConfigurationReference = C4BE98600E9C509186F6FC70 /* Pods-MyTVAddictionsUITests.debug.xcconfig */;
			buildSettings = {
				INFOPLIST_FILE = MyTVAddictionsUITests/Info.plist;
				LD_RUNPATH_SEARCH_PATHS = "$(inherited) @executable_path/Frameworks @loader_path/Frameworks";
				PRODUCT_BUNDLE_IDENTIFIER = damoniquethomas.MyTVAddictionsUITests;
				PRODUCT_NAME = "$(TARGET_NAME)";
				TEST_TARGET_NAME = MyTVAddictions;
			};
			name = Debug;
		};
		69F6613F1D63A59400F132DB /* Release */ = {
			isa = XCBuildConfiguration;
			baseConfigurationReference = 5A47E59188D5012A0FE59E57 /* Pods-MyTVAddictionsUITests.release.xcconfig */;
			buildSettings = {
				INFOPLIST_FILE = MyTVAddictionsUITests/Info.plist;
				LD_RUNPATH_SEARCH_PATHS = "$(inherited) @executable_path/Frameworks @loader_path/Frameworks";
				PRODUCT_BUNDLE_IDENTIFIER = damoniquethomas.MyTVAddictionsUITests;
				PRODUCT_NAME = "$(TARGET_NAME)";
				TEST_TARGET_NAME = MyTVAddictions;
			};
			name = Release;
		};
/* End XCBuildConfiguration section */

/* Begin XCConfigurationList section */
		69F6610A1D63A59300F132DB /* Build configuration list for PBXProject "MyTVAddictions" */ = {
			isa = XCConfigurationList;
			buildConfigurations = (
				69F661351D63A59400F132DB /* Debug */,
				69F661361D63A59400F132DB /* Release */,
			);
			defaultConfigurationIsVisible = 0;
			defaultConfigurationName = Release;
		};
		69F661371D63A59400F132DB /* Build configuration list for PBXNativeTarget "MyTVAddictions" */ = {
			isa = XCConfigurationList;
			buildConfigurations = (
				69F661381D63A59400F132DB /* Debug */,
				69F661391D63A59400F132DB /* Release */,
			);
			defaultConfigurationIsVisible = 0;
			defaultConfigurationName = Release;
		};
		69F6613A1D63A59400F132DB /* Build configuration list for PBXNativeTarget "MyTVAddictionsTests" */ = {
			isa = XCConfigurationList;
			buildConfigurations = (
				69F6613B1D63A59400F132DB /* Debug */,
				69F6613C1D63A59400F132DB /* Release */,
			);
			defaultConfigurationIsVisible = 0;
			defaultConfigurationName = Release;
		};
		69F6613D1D63A59400F132DB /* Build configuration list for PBXNativeTarget "MyTVAddictionsUITests" */ = {
			isa = XCConfigurationList;
			buildConfigurations = (
				69F6613E1D63A59400F132DB /* Debug */,
				69F6613F1D63A59400F132DB /* Release */,
			);
			defaultConfigurationIsVisible = 0;
			defaultConfigurationName = Release;
		};
/* End XCConfigurationList section */
	};
	rootObject = 69F661071D63A59300F132DB /* Project object */;
}
